<?xml version="1.0" encoding="utf-8"?>
<Project ToolsVersion="4.0" xmlns="http://schemas.microsoft.com/developer/msbuild/2003">
  <ItemGroup>
    <Filter Include="Source Files">
      <UniqueIdentifier>{4FC737F1-C7A5-4376-A066-2A32D752A2FF}</UniqueIdentifier>
      <Extensions>cpp;c;cc;cxx;c++;cppm;ixx;def;odl;idl;hpj;bat;asm;asmx</Extensions>
    </Filter>
    <Filter Include="Header Files">
      <UniqueIdentifier>{93995380-89BD-4b04-88EB-625FBE52EBFB}</UniqueIdentifier>
      <Extensions>h;hh;hpp;hxx;h++;hm;inl;inc;ipp;xsd</Extensions>
    </Filter>
    <Filter Include="Resource Files">
      <UniqueIdentifier>{67DA6AB6-F800-4c08-8B7A-83BB121AAD01}</UniqueIdentifier>
      <Extensions>rc;ico;cur;bmp;dlg;rc2;rct;bin;rgs;gif;jpg;jpeg;jpe;resx;tiff;tif;png;wav;mfcribbon-ms</Extensions>
    </Filter>
  </ItemGroup>
  <ItemGroup>
    <ClCompile Include="src\engine\framebuffer\Framebuffer.cpp">
      <Filter>Source Files</Filter>
    </ClCompile>
    <ClCompile Include="src\engine\lights\Lights.cpp">
      <Filter>Source Files</Filter>
    </ClCompile>
    <ClCompile Include="src\engine\material\Material.cpp">
      <Filter>Source Files</Filter>
    </ClCompile>
    <ClCompile Include="src\engine\mesh\Mesh.cpp">
      <Filter>Source Files</Filter>
    </ClCompile>
    <ClCompile Include="src\engine\model\Model.cpp">
      <Filter>Source Files</Filter>
    </ClCompile>
    <ClCompile Include="src\engine\shader\Shader.cpp">
      <Filter>Source Files</Filter>
    </ClCompile>
    <ClCompile Include="src\engine\texture\Texture.cpp">
      <Filter>Source Files</Filter>
    </ClCompile>
    <ClCompile Include="src\engine\Game.cpp">
      <Filter>Source Files</Filter>
    </ClCompile>
    <ClCompile Include="src\gameobject\player\Player.cpp">
      <Filter>Source Files</Filter>
    </ClCompile>
    <ClCompile Include="src\gameobject\GameObject.cpp">
      <Filter>Source Files</Filter>
    </ClCompile>
    <ClCompile Include="src\Main.cpp">
      <Filter>Source Files</Filter>
    </ClCompile>
    <ClCompile Include="src\engine\camera\Camera.cpp">
      <Filter>Source Files</Filter>
    </ClCompile>
    <ClCompile Include="src\engine\font\Font.cpp">
      <Filter>Source Files</Filter>
    </ClCompile>
    <ClCompile Include="src\engine\math\Math.cpp">
      <Filter>Source Files</Filter>
    </ClCompile>
    <ClCompile Include="src\utility\AssimpToGLM.cpp">
      <Filter>Source Files</Filter>
    </ClCompile>
    <ClCompile Include="src\engine\model\AnimatedModel.cpp">
      <Filter>Source Files</Filter>
    </ClCompile>
    <ClCompile Include="src\engine\model\AnimatedBone.cpp">
      <Filter>Source Files</Filter>
    </ClCompile>
    <ClCompile Include="src\engine\model\ModelInstance.cpp">
      <Filter>Source Files</Filter>
    </ClCompile>
    <ClCompile Include="src\utility\Utility.cpp">
      <Filter>Source Files</Filter>
    </ClCompile>
    <ClCompile Include="src\engine\shader\ShaderPipeline.cpp">
      <Filter>Source Files</Filter>
    </ClCompile>
    <ClCompile Include="src\engine\render_queue\RenderQueue.cpp">
      <Filter>Source Files</Filter>
    </ClCompile>
    <ClCompile Include="src\engine\mesh\Primitive.cpp">
      <Filter>Source Files</Filter>
    </ClCompile>
    <ClCompile Include="src\engine\mesh\Image.cpp">
      <Filter>Source Files</Filter>
    </ClCompile>
    <ClCompile Include="src\level\Level.cpp">
      <Filter>Source Files</Filter>
    </ClCompile>
    <ClCompile Include="src\engine\hitbox\Hitbox.cpp">
      <Filter>Source Files</Filter>
    </ClCompile>
    <ClCompile Include="src\engine\model\InstancedModel.cpp">
      <Filter>Source Files</Filter>
    </ClCompile>
    <ClCompile Include="src\utility\Random.cpp">
      <Filter>Source Files</Filter>
    </ClCompile>
    <ClCompile Include="src\utility\Timer.cpp">
      <Filter>Source Files</Filter>
    </ClCompile>
    <ClCompile Include="src\engine\particles\ParticleEffect.cpp">
      <Filter>Source Files</Filter>
    </ClCompile>
    <ClCompile Include="src\level\models\LavaModel.cpp">
      <Filter>Source Files</Filter>
    </ClCompile>
    <ClCompile Include="src\level\models\WarehouseModel.cpp">
      <Filter>Source Files</Filter>
    </ClCompile>
    <ClCompile Include="src\engine\polygon\Ray.cpp">
      <Filter>Source Files</Filter>
    </ClCompile>
    <ClCompile Include="src\engine\render_queue\ModelRenderQueue.cpp">
      <Filter>Source Files</Filter>
    </ClCompile>
    <ClCompile Include="src\engine\render_queue\TextRenderQueue.cpp">
      <Filter>Source Files</Filter>
    </ClCompile>
  </ItemGroup>
  <ItemGroup>
    <ClInclude Include="src\engine\framebuffer\Framebuffer.h">
      <Filter>Header Files</Filter>
    </ClInclude>
    <ClInclude Include="src\engine\lights\Lights.h">
      <Filter>Header Files</Filter>
    </ClInclude>
    <ClInclude Include="src\engine\material\Material.h">
      <Filter>Header Files</Filter>
    </ClInclude>
    <ClInclude Include="src\engine\mesh\Mesh.h">
      <Filter>Header Files</Filter>
    </ClInclude>
    <ClInclude Include="src\libs\VERTEX.h">
      <Filter>Header Files</Filter>
    </ClInclude>
    <ClInclude Include="src\engine\model\Model.h">
      <Filter>Header Files</Filter>
    </ClInclude>
    <ClInclude Include="src\engine\shader\Shader.h">
      <Filter>Header Files</Filter>
    </ClInclude>
    <ClInclude Include="src\engine\texture\Texture.h">
      <Filter>Header Files</Filter>
    </ClInclude>
    <ClInclude Include="src\engine\Game.h">
      <Filter>Header Files</Filter>
    </ClInclude>
    <ClInclude Include="src\gameobject\player\Player.h">
      <Filter>Header Files</Filter>
    </ClInclude>
    <ClInclude Include="src\gameobject\GameObject.h">
      <Filter>Header Files</Filter>
    </ClInclude>
    <ClInclude Include="src\libs\ASSIMP.h">
      <Filter>Header Files</Filter>
    </ClInclude>
    <ClInclude Include="src\libs\FILTER.h">
      <Filter>Header Files</Filter>
    </ClInclude>
    <ClInclude Include="src\libs\GLM.h">
      <Filter>Header Files</Filter>
    </ClInclude>
    <ClInclude Include="src\libs\ALL.h">
      <Filter>Header Files</Filter>
    </ClInclude>
    <ClInclude Include="src\libs\NATIVE.h">
      <Filter>Header Files</Filter>
    </ClInclude>
    <ClInclude Include="src\libs\OPENGL.h">
      <Filter>Header Files</Filter>
    </ClInclude>
    <ClInclude Include="src\engine\camera\Camera.h">
      <Filter>Header Files</Filter>
    </ClInclude>
    <ClInclude Include="src\engine\font\Font.h">
      <Filter>Header Files</Filter>
    </ClInclude>
    <ClInclude Include="src\GlobalDebug.h">
      <Filter>Header Files</Filter>
    </ClInclude>
    <ClInclude Include="src\libs\GAMEOBJECTS.h">
      <Filter>Header Files</Filter>
    </ClInclude>
    <ClInclude Include="src\engine\math\Math.h">
      <Filter>Header Files</Filter>
    </ClInclude>
    <ClInclude Include="src\utility\AssimpToGLM.h">
      <Filter>Header Files</Filter>
    </ClInclude>
    <ClInclude Include="src\engine\model\AnimatedModel.h">
      <Filter>Header Files</Filter>
    </ClInclude>
    <ClInclude Include="src\engine\model\AnimatedBone.h">
      <Filter>Header Files</Filter>
    </ClInclude>
    <ClInclude Include="src\engine\model\ModelInstance.h">
      <Filter>Header Files</Filter>
    </ClInclude>
    <ClInclude Include="src\utility\Utility.h">
      <Filter>Header Files</Filter>
    </ClInclude>
    <ClInclude Include="src\engine\shader\ShaderPipeline.h">
      <Filter>Header Files</Filter>
    </ClInclude>
    <ClInclude Include="src\engine\render_queue\RenderQueue.h">
      <Filter>Header Files</Filter>
    </ClInclude>
    <ClInclude Include="src\engine\mesh\Primitive.h">
      <Filter>Header Files</Filter>
    </ClInclude>
    <ClInclude Include="src\engine\mesh\Image.h">
      <Filter>Header Files</Filter>
    </ClInclude>
    <ClInclude Include="src\level\Level.h">
      <Filter>Header Files</Filter>
    </ClInclude>
    <ClInclude Include="src\engine\hitbox\Hitbox.h">
      <Filter>Header Files</Filter>
    </ClInclude>
    <ClInclude Include="src\engine\input\KeyInput.h">
      <Filter>Header Files</Filter>
    </ClInclude>
    <ClInclude Include="src\engine\input\MouseInput.h">
      <Filter>Header Files</Filter>
    </ClInclude>
    <ClInclude Include="src\engine\input\MouseMoveInput.h">
      <Filter>Header Files</Filter>
    </ClInclude>
    <ClInclude Include="src\engine\model\InstancedModel.h">
      <Filter>Header Files</Filter>
    </ClInclude>
    <ClInclude Include="src\utility\Random.h">
      <Filter>Header Files</Filter>
    </ClInclude>
    <ClInclude Include="src\utility\Timer.h">
      <Filter>Header Files</Filter>
    </ClInclude>
    <ClInclude Include="src\engine\particles\ParticleEffect.h">
      <Filter>Header Files</Filter>
    </ClInclude>
    <ClInclude Include="src\level\models\LavaModel.h">
      <Filter>Header Files</Filter>
    </ClInclude>
    <ClInclude Include="src\level\models\WarehouseModel.h">
      <Filter>Header Files</Filter>
    </ClInclude>
    <ClInclude Include="src\engine\polygon\Ray.h">
      <Filter>Header Files</Filter>
    </ClInclude>
    <ClInclude Include="src\engine\render_queue\ModelRenderQueue.h">
      <Filter>Header Files</Filter>
    </ClInclude>
    <ClInclude Include="src\engine\render_queue\TextRenderQueue.h">
      <Filter>Header Files</Filter>
    </ClInclude>
  </ItemGroup>
  <ItemGroup>
    <None Include="assimp-vc142-mt.dll" />
    <None Include="freetype.dll" />
    <None Include="glew32.dll" />
    <None Include="glfw3.dll" />
    <None Include="src\shaders\depth_buffer\fragment.glsl" />
    <None Include="src\shaders\depth_buffer\vertex.glsl" />
    <None Include="src\shaders\depth_cube\fragment.glsl" />
    <None Include="src\shaders\depth_cube\geometry.glsl" />
    <None Include="src\shaders\depth_cube\vertex.glsl" />
    <None Include="src\shaders\game\fragment.glsl" />
    <None Include="src\shaders\game\geometry.glsl" />
    <None Include="src\shaders\game\vertex.glsl" />
    <None Include="src\shaders\screen\fragment.glsl" />
    <None Include="src\shaders\screen\vertex.glsl" />
    <None Include="src\shaders\skybox\fragment.glsl" />
    <None Include="src\shaders\skybox\vertex.glsl" />
    <None Include="src\shaders\image\vertex.glsl" />
    <None Include="src\shaders\text\fragment.glsl" />
    <None Include="src\shaders\animation\vertex.glsl" />
    <None Include="src\shaders\foreground_animation\vertex.glsl" />
    <None Include="src\shaders\image\fragment.glsl" />
    <None Include="src\shaders\line\vertex.glsl" />
    <None Include="src\shaders\line\fragment.glsl" />
    <None Include="src\shaders\cube\vertex.glsl" />
    <None Include="src\shaders\game_instanced\vertex.glsl" />
    <None Include="src\shaders\particles\vertex.glsl" />
    <None Include="src\shaders\particles\fragment.glsl" />
    <None Include="src\shaders\animated_particles\vertex.glsl" />
    <None Include="src\shaders\animated_particles\fragment.glsl" />
    <None Include="src\shaders\flowmap\fragment.glsl" />
    <None Include="src\shaders\flowmap_3d\fragment.glsl" />
    <None Include="data\level.save" />
  </ItemGroup>
</Project>